
Microsoft Visual Studio Solution File, Format Version 12.00
# Visual Studio Version 17
VisualStudioVersion = 17.2.32602.215
MinimumVisualStudioVersion = 10.0.40219.1
Project("{FAE04EC0-301F-11D3-BF4B-00C04F79EFBC}") = "projekt_ces_13611", "projekt_ces_13611\projekt_ces_13611.csproj", "{A657E857-0CF8-48E1-87D6-6E4D0B7FC289}"
EndProject
Global
	GlobalSection(SolutionConfigurationPlatforms) = preSolution
		Debug|Any CPU = Debug|Any CPU
		Release|Any CPU = Release|Any CPU
	EndGlobalSection
	GlobalSection(ProjectConfigurationPlatforms) = postSolution
		{A657E857-0CF8-48E1-87D6-6E4D0B7FC289}.Debug|Any CPU.ActiveCfg = Debug|Any CPU
		{A657E857-0CF8-48E1-87D6-6E4D0B7FC289}.Debug|Any CPU.Build.0 = Debug|Any CPU
		{A657E857-0CF8-48E1-87D6-6E4D0B7FC289}.Release|Any CPU.ActiveCfg = Release|Any CPU
		{A657E857-0CF8-48E1-87D6-6E4D0B7FC289}.Release|Any CPU.Build.0 = Release|Any CPU
	EndGlobalSection
	GlobalSection(SolutionProperties) = preSolution
		HideSolutionNode = FALSE
	EndGlobalSection
	GlobalSection(ExtensibilityGlobals) = postSolution
		SolutionGuid = {30263495-A648-4D79-94F2-3E158CF0DDE9}
	EndGlobalSection
EndGlobal
